// !$*UTF8*$!
{
	archiveVersion = 1;
	classes = {
	};
	objectVersion = 48;
	objects = {

/* Begin PBXBuildFile section */
		9B3E87621FD7A557008D6750 /* Assets.xcassets in Resources */ = {isa = PBXBuildFile; fileRef = 9B7173561FD71854001310F5 /* Assets.xcassets */; };
		9B71732E1FD6FF0F001310F5 /* AppDelegate.swift in Sources */ = {isa = PBXBuildFile; fileRef = 9B71732D1FD6FF0F001310F5 /* AppDelegate.swift */; };
		9B7173301FD6FF0F001310F5 /* ViideoListViewController.swift in Sources */ = {isa = PBXBuildFile; fileRef = 9B71732F1FD6FF0F001310F5 /* ViideoListViewController.swift */; };
		9B7173331FD6FF0F001310F5 /* Main.storyboard in Resources */ = {isa = PBXBuildFile; fileRef = 9B7173311FD6FF0F001310F5 /* Main.storyboard */; };
		9B7173381FD6FF0F001310F5 /* LaunchScreen.storyboard in Resources */ = {isa = PBXBuildFile; fileRef = 9B7173361FD6FF0F001310F5 /* LaunchScreen.storyboard */; };
		9B7173421FD6FFCE001310F5 /* VideoListTableViewCell.swift in Sources */ = {isa = PBXBuildFile; fileRef = 9B7173401FD6FFCE001310F5 /* VideoListTableViewCell.swift */; };
		9B7173431FD6FFCE001310F5 /* VideoListTableViewCell.xib in Resources */ = {isa = PBXBuildFile; fileRef = 9B7173411FD6FFCE001310F5 /* VideoListTableViewCell.xib */; };
		9B7173451FD70339001310F5 /* YouTube.swift in Sources */ = {isa = PBXBuildFile; fileRef = 9B7173441FD70339001310F5 /* YouTube.swift */; };
		9B7173471FD70CA4001310F5 /* VideoDetailViewController.swift in Sources */ = {isa = PBXBuildFile; fileRef = 9B7173461FD70CA4001310F5 /* VideoDetailViewController.swift */; };
		9B7173501FD7133F001310F5 /* TitleTableViewCell.swift in Sources */ = {isa = PBXBuildFile; fileRef = 9B71734E1FD7133F001310F5 /* TitleTableViewCell.swift */; };
		9B7173511FD7133F001310F5 /* TitleTableViewCell.xib in Resources */ = {isa = PBXBuildFile; fileRef = 9B71734F1FD7133F001310F5 /* TitleTableViewCell.xib */; };
		9B7173541FD7177B001310F5 /* SocialTableViewCell.swift in Sources */ = {isa = PBXBuildFile; fileRef = 9B7173521FD7177B001310F5 /* SocialTableViewCell.swift */; };
		9B7173551FD7177B001310F5 /* SocialTableViewCell.xib in Resources */ = {isa = PBXBuildFile; fileRef = 9B7173531FD7177B001310F5 /* SocialTableViewCell.xib */; };
		9B7173591FD71BB0001310F5 /* ChannelTableViewCell.swift in Sources */ = {isa = PBXBuildFile; fileRef = 9B7173571FD71BB0001310F5 /* ChannelTableViewCell.swift */; };
		9B71735A1FD71BB0001310F5 /* ChannelTableViewCell.xib in Resources */ = {isa = PBXBuildFile; fileRef = 9B7173581FD71BB0001310F5 /* ChannelTableViewCell.xib */; };
/* End PBXBuildFile section */

/* Begin PBXFileReference section */
		9B71732A1FD6FF0F001310F5 /* Homework3_Constrain_YouTube.app */ = {isa = PBXFileReference; explicitFileType = wrapper.application; includeInIndex = 0; path = Homework3_Constrain_YouTube.app; sourceTree = BUILT_PRODUCTS_DIR; };
		9B71732D1FD6FF0F001310F5 /* AppDelegate.swift */ = {isa = PBXFileReference; lastKnownFileType = sourcecode.swift; path = AppDelegate.swift; sourceTree = "<group>"; };
		9B71732F1FD6FF0F001310F5 /* ViideoListViewController.swift */ = {isa = PBXFileReference; lastKnownFileType = sourcecode.swift; path = ViideoListViewController.swift; sourceTree = "<group>"; };
		9B7173321FD6FF0F001310F5 /* Base */ = {isa = PBXFileReference; lastKnownFileType = file.storyboard; name = Base; path = Base.lproj/Main.storyboard; sourceTree = "<group>"; };
		9B7173371FD6FF0F001310F5 /* Base */ = {isa = PBXFileReference; lastKnownFileType = file.storyboard; name = Base; path = Base.lproj/LaunchScreen.storyboard; sourceTree = "<group>"; };
		9B7173391FD6FF0F001310F5 /* Info.plist */ = {isa = PBXFileReference; lastKnownFileType = text.plist.xml; path = Info.plist; sourceTree = "<group>"; };
		9B7173401FD6FFCE001310F5 /* VideoListTableViewCell.swift */ = {isa = PBXFileReference; lastKnownFileType = sourcecode.swift; path = VideoListTableViewCell.swift; sourceTree = "<group>"; };
		9B7173411FD6FFCE001310F5 /* VideoListTableViewCell.xib */ = {isa = PBXFileReference; lastKnownFileType = file.xib; path = VideoListTableViewCell.xib; sourceTree = "<group>"; };
		9B7173441FD70339001310F5 /* YouTube.swift */ = {isa = PBXFileReference; lastKnownFileType = sourcecode.swift; path = YouTube.swift; sourceTree = "<group>"; };
		9B7173461FD70CA4001310F5 /* VideoDetailViewController.swift */ = {isa = PBXFileReference; lastKnownFileType = sourcecode.swift; path = VideoDetailViewController.swift; sourceTree = "<group>"; };
		9B71734E1FD7133F001310F5 /* TitleTableViewCell.swift */ = {isa = PBXFileReference; lastKnownFileType = sourcecode.swift; path = TitleTableViewCell.swift; sourceTree = "<group>"; };
		9B71734F1FD7133F001310F5 /* TitleTableViewCell.xib */ = {isa = PBXFileReference; lastKnownFileType = file.xib; path = TitleTableViewCell.xib; sourceTree = "<group>"; };
		9B7173521FD7177B001310F5 /* SocialTableViewCell.swift */ = {isa = PBXFileReference; lastKnownFileType = sourcecode.swift; path = SocialTableViewCell.swift; sourceTree = "<group>"; };
		9B7173531FD7177B001310F5 /* SocialTableViewCell.xib */ = {isa = PBXFileReference; lastKnownFileType = file.xib; path = SocialTableViewCell.xib; sourceTree = "<group>"; };
		9B7173561FD71854001310F5 /* Assets.xcassets */ = {isa = PBXFileReference; lastKnownFileType = folder.assetcatalog; path = Assets.xcassets; sourceTree = "<group>"; };
		9B7173571FD71BB0001310F5 /* ChannelTableViewCell.swift */ = {isa = PBXFileReference; lastKnownFileType = sourcecode.swift; path = ChannelTableViewCell.swift; sourceTree = "<group>"; };
		9B7173581FD71BB0001310F5 /* ChannelTableViewCell.xib */ = {isa = PBXFileReference; lastKnownFileType = file.xib; path = ChannelTableViewCell.xib; sourceTree = "<group>"; };
/* End PBXFileReference section */

/* Begin PBXFrameworksBuildPhase section */
		9B7173271FD6FF0F001310F5 /* Frameworks */ = {
			isa = PBXFrameworksBuildPhase;
			buildActionMask = 2147483647;
			files = (
			);
			runOnlyForDeploymentPostprocessing = 0;
		};
/* End PBXFrameworksBuildPhase section */

/* Begin PBXGroup section */
		9B7173211FD6FF0F001310F5 = {
			isa = PBXGroup;
			children = (
				9B71732C1FD6FF0F001310F5 /* Homework3_Constrain_YouTube */,
				9B71732B1FD6FF0F001310F5 /* Products */,
			);
			sourceTree = "<group>";
		};
		9B71732B1FD6FF0F001310F5 /* Products */ = {
			isa = PBXGroup;
			children = (
				9B71732A1FD6FF0F001310F5 /* Homework3_Constrain_YouTube.app */,
			);
			name = Products;
			sourceTree = "<group>";
		};
		9B71732C1FD6FF0F001310F5 /* Homework3_Constrain_YouTube */ = {
			isa = PBXGroup;
			children = (
				9B7173481FD712C7001310F5 /* Video Details */,
				9B71733F1FD6FFA9001310F5 /* Video List */,
				9B71732D1FD6FF0F001310F5 /* AppDelegate.swift */,
				9B71732F1FD6FF0F001310F5 /* ViideoListViewController.swift */,
				9B7173461FD70CA4001310F5 /* VideoDetailViewController.swift */,
				9B7173311FD6FF0F001310F5 /* Main.storyboard */,
				9B7173361FD6FF0F001310F5 /* LaunchScreen.storyboard */,
				9B7173561FD71854001310F5 /* Assets.xcassets */,
				9B7173391FD6FF0F001310F5 /* Info.plist */,
				9B7173441FD70339001310F5 /* YouTube.swift */,
			);
			path = Homework3_Constrain_YouTube;
			sourceTree = "<group>";
		};
		9B71733F1FD6FFA9001310F5 /* Video List */ = {
			isa = PBXGroup;
			children = (
				9B7173401FD6FFCE001310F5 /* VideoListTableViewCell.swift */,
				9B7173411FD6FFCE001310F5 /* VideoListTableViewCell.xib */,
			);
			path = "Video List";
			sourceTree = "<group>";
		};
		9B7173481FD712C7001310F5 /* Video Details */ = {
			isa = PBXGroup;
			children = (
				9B71734B1FD712F7001310F5 /* Channel */,
				9B71734A1FD712EE001310F5 /* Social */,
				9B7173491FD712D9001310F5 /* Title */,
			);
			path = "Video Details";
			sourceTree = "<group>";
		};
		9B7173491FD712D9001310F5 /* Title */ = {
			isa = PBXGroup;
			children = (
				9B71734E1FD7133F001310F5 /* TitleTableViewCell.swift */,
				9B71734F1FD7133F001310F5 /* TitleTableViewCell.xib */,
			);
			path = Title;
			sourceTree = "<group>";
		};
		9B71734A1FD712EE001310F5 /* Social */ = {
			isa = PBXGroup;
			children = (
				9B7173521FD7177B001310F5 /* SocialTableViewCell.swift */,
				9B7173531FD7177B001310F5 /* SocialTableViewCell.xib */,
			);
			path = Social;
			sourceTree = "<group>";
		};
		9B71734B1FD712F7001310F5 /* Channel */ = {
			isa = PBXGroup;
			children = (
				9B7173571FD71BB0001310F5 /* ChannelTableViewCell.swift */,
				9B7173581FD71BB0001310F5 /* ChannelTableViewCell.xib */,
			);
			path = Channel;
			sourceTree = "<group>";
		};
/* End PBXGroup section */

/* Begin PBXNativeTarget section */
		9B7173291FD6FF0F001310F5 /* Homework3_Constrain_YouTube */ = {
			isa = PBXNativeTarget;
			buildConfigurationList = 9B71733C1FD6FF0F001310F5 /* Build configuration list for PBXNativeTarget "Homework3_Constrain_YouTube" */;
			buildPhases = (
				9B7173261FD6FF0F001310F5 /* Sources */,
				9B7173271FD6FF0F001310F5 /* Frameworks */,
				9B7173281FD6FF0F001310F5 /* Resources */,
			);
			buildRules = (
			);
			dependencies = (
			);
			name = Homework3_Constrain_YouTube;
			productName = Homework3_Constrain_YouTube;
			productReference = 9B71732A1FD6FF0F001310F5 /* Homework3_Constrain_YouTube.app */;
			productType = "com.apple.product-type.application";
		};
/* End PBXNativeTarget section */

/* Begin PBXProject section */
		9B7173221FD6FF0F001310F5 /* Project object */ = {
			isa = PBXProject;
			attributes = {
				LastSwiftUpdateCheck = 0900;
				LastUpgradeCheck = 0900;
				ORGANIZATIONNAME = "Korea Software HRD Center";
				TargetAttributes = {
					9B7173291FD6FF0F001310F5 = {
						CreatedOnToolsVersion = 9.0;
						ProvisioningStyle = Automatic;
					};
				};
			};
			buildConfigurationList = 9B7173251FD6FF0F001310F5 /* Build configuration list for PBXProject "Homework3_Constrain_YouTube" */;
			compatibilityVersion = "Xcode 8.0";
			developmentRegion = en;
			hasScannedForEncodings = 0;
			knownRegions = (
				en,
				Base,
			);
			mainGroup = 9B7173211FD6FF0F001310F5;
			productRefGroup = 9B71732B1FD6FF0F001310F5 /* Products */;
			projectDirPath = "";
			projectRoot = "";
			targets = (
				9B7173291FD6FF0F001310F5 /* Homework3_Constrain_YouTube */,
			);
		};
/* End PBXProject section */

/* Begin PBXResourcesBuildPhase section */
		9B7173281FD6FF0F001310F5 /* Resources */ = {
			isa = PBXResourcesBuildPhase;
			buildActionMask = 2147483647;
			files = (
				9B3E87621FD7A557008D6750 /* Assets.xcassets in Resources */,
				9B7173511FD7133F001310F5 /* TitleTableViewCell.xib in Resources */,
				9B71735A1FD71BB0001310F5 /* ChannelTableViewCell.xib in Resources */,
				9B7173381FD6FF0F001310F5 /* LaunchScreen.storyboard in Resources */,
				9B7173551FD7177B001310F5 /* SocialTableViewCell.xib in Resources */,
				9B7173431FD6FFCE001310F5 /* VideoListTableViewCell.xib in Resources */,
				9B7173331FD6FF0F001310F5 /* Main.storyboard in Resources */,
			);
			runOnlyForDeploymentPostprocessing = 0;
		};
/* End PBXResourcesBuildPhase section */

/* Begin PBXSourcesBuildPhase section */
		9B7173261FD6FF0F001310F5 /* Sources */ = {
			isa = PBXSourcesBuildPhase;
			buildActionMask = 2147483647;
			files = (
				9B7173301FD6FF0F001310F5 /* ViideoListViewController.swift in Sources */,
				9B7173591FD71BB0001310F5 /* ChannelTableViewCell.swift in Sources */,
				9B7173451FD70339001310F5 /* YouTube.swift in Sources */,
				9B7173421FD6FFCE001310F5 /* VideoListTableViewCell.swift in Sources */,
				9B7173471FD70CA4001310F5 /* VideoDetailViewController.swift in Sources */,
				9B7173541FD7177B001310F5 /* SocialTableViewCell.swift in Sources */,
				9B7173501FD7133F001310F5 /* TitleTableViewCell.swift in Sources */,
				9B71732E1FD6FF0F001310F5 /* AppDelegate.swift in Sources */,
			);
			runOnlyForDeploymentPostprocessing = 0;
		};
/* End PBXSourcesBuildPhase section */

/* Begin PBXVariantGroup section */
		9B7173311FD6FF0F001310F5 /* Main.storyboard */ = {
			isa = PBXVariantGroup;
			children = (
				9B7173321FD6FF0F001310F5 /* Base */,
			);
			name = Main.storyboard;
			sourceTree = "<group>";
		};
		9B7173361FD6FF0F001310F5 /* LaunchScreen.storyboard */ = {
			isa = PBXVariantGroup;
			children = (
				9B7173371FD6FF0F001310F5 /* Base */,
			);
			name = LaunchScreen.storyboard;
			sourceTree = "<group>";
		};
/* End PBXVariantGroup section */

/* Begin XCBuildConfiguration section */
		9B71733A1FD6FF0F001310F5 /* Debug */ = {
			isa = XCBuildConfiguration;
			buildSettings = {
				ALWAYS_SEARCH_USER_PATHS = NO;
				CLANG_ANALYZER_NONNULL = YES;
				CLANG_ANALYZER_NUMBER_OBJECT_CONVERSION = YES_AGGRESSIVE;
				CLANG_CXX_LANGUAGE_STANDARD = "gnu++14";
				CLANG_CXX_LIBRARY = "libc++";
				CLANG_ENABLE_MODULES = YES;
				CLANG_ENABLE_OBJC_ARC = YES;
				CLANG_WARN_BLOCK_CAPTURE_AUTORELEASING = YES;
				CLANG_WARN_BOOL_CONVERSION = YES;
				CLANG_WARN_COMMA = YES;
				CLANG_WARN_CONSTANT_CONVERSION = YES;
				CLANG_WARN_DIRECT_OBJC_ISA_USAGE = YES_ERROR;
				CLANG_WARN_DOCUMENTATION_COMMENTS = YES;
				CLANG_WARN_EMPTY_BODY = YES;
				CLANG_WARN_ENUM_CONVERSION = YES;
				CLANG_WARN_INFINITE_RECURSION = YES;
				CLANG_WARN_INT_CONVERSION = YES;
				CLANG_WARN_NON_LITERAL_NULL_CONVERSION = YES;
				CLANG_WARN_OBJC_LITERAL_CONVERSION = YES;
				CLANG_WARN_OBJC_ROOT_CLASS = YES_ERROR;
				CLANG_WARN_RANGE_LOOP_ANALYSIS = YES;
				CLANG_WARN_STRICT_PROTOTYPES = YES;
				CLANG_WARN_SUSPICIOUS_MOVE = YES;
				CLANG_WARN_UNGUARDED_AVAILABILITY = YES_AGGRESSIVE;
				CLANG_WARN_UNREACHABLE_CODE = YES;
				CLANG_WARN__DUPLICATE_METHOD_MATCH = YES;
				CODE_SIGN_IDENTITY = "iPhone Developer";
				COPY_PHASE_STRIP = NO;
				DEBUG_INFORMATION_FORMAT = dwarf;
				ENABLE_STRICT_OBJC_MSGSEND = YES;
				ENABLE_TESTABILITY = YES;
				GCC_C_LANGUAGE_STANDARD = gnu11;
				GCC_DYNAMIC_NO_PIC = NO;
				GCC_NO_COMMON_BLOCKS = YES;
				GCC_OPTIMIZATION_LEVEL = 0;
				GCC_PREPROCESSOR_DEFINITIONS = (
					"DEBUG=1",
					"$(inherited)",
				);
				GCC_WARN_64_TO_32_BIT_CONVERSION = YES;
				GCC_WARN_ABOUT_RETURN_TYPE = YES_ERROR;
				GCC_WARN_UNDECLARED_SELECTOR = YES;
				GCC_WARN_UNINITIALIZED_AUTOS = YES_AGGRESSIVE;
				GCC_WARN_UNUSED_FUNCTION = YES;
				GCC_WARN_UNUSED_VARIABLE = YES;
				IPHONEOS_DEPLOYMENT_TARGET = 11.0;
				MTL_ENABLE_DEBUG_INFO = YES;
				ONLY_ACTIVE_ARCH = YES;
				SDKROOT = iphoneos;
				SWIFT_ACTIVE_COMPILATION_CONDITIONS = DEBUG;
				SWIFT_OPTIMIZATION_LEVEL = "-Onone";
			};
			name = Debug;
		};
		9B71733B1FD6FF0F001310F5 /* Release */ = {
			isa = XCBuildConfiguration;
			buildSettings = {
				ALWAYS_SEARCH_USER_PATHS = NO;
				CLANG_ANALYZER_NONNULL = YES;
				CLANG_ANALYZER_NUMBER_OBJECT_CONVERSION = YES_AGGRESSIVE;
				CLANG_CXX_LANGUAGE_STANDARD = "gnu++14";
				CLANG_CXX_LIBRARY = "libc++";
				CLANG_ENABLE_MODULES = YES;
				CLANG_ENABLE_OBJC_ARC = YES;
				CLANG_WARN_BLOCK_CAPTURE_AUTORELEASING = YES;
				CLANG_WARN_BOOL_CONVERSION = YES;
				CLANG_WARN_COMMA = YES;
				CLANG_WARN_CONSTANT_CONVERSION = YES;
				CLANG_WARN_DIRECT_OBJC_ISA_USAGE = YES_ERROR;
				CLANG_WARN_DOCUMENTATION_COMMENTS = YES;
				CLANG_WARN_EMPTY_BODY = YES;
				CLANG_WARN_ENUM_CONVERSION = YES;
				CLANG_WARN_INFINITE_RECURSION = YES;
				CLANG_WARN_INT_CONVERSION = YES;
				CLANG_WARN_NON_LITERAL_NULL_CONVERSION = YES;
				CLANG_WARN_OBJC_LITERAL_CONVERSION = YES;
				CLANG_WARN_OBJC_ROOT_CLASS = YES_ERROR;
				CLANG_WARN_RANGE_LOOP_ANALYSIS = YES;
				CLANG_WARN_STRICT_PROTOTYPES = YES;
				CLANG_WARN_SUSPICIOUS_MOVE = YES;
				CLANG_WARN_UNGUARDED_AVAILABILITY = YES_AGGRESSIVE;
				CLANG_WARN_UNREACHABLE_CODE = YES;
				CLANG_WARN__DUPLICATE_METHOD_MATCH = YES;
				CODE_SIGN_IDENTITY = "iPhone Developer";
				COPY_PHASE_STRIP = NO;
				DEBUG_INFORMATION_FORMAT = "dwarf-with-dsym";
				ENABLE_NS_ASSERTIONS = NO;
				ENABLE_STRICT_OBJC_MSGSEND = YES;
				GCC_C_LANGUAGE_STANDARD = gnu11;
				GCC_NO_COMMON_BLOCKS = YES;
				GCC_WARN_64_TO_32_BIT_CONVERSION = YES;
				GCC_WARN_ABOUT_RETURN_TYPE = YES_ERROR;
				GCC_WARN_UNDECLARED_SELECTOR = YES;
				GCC_WARN_UNINITIALIZED_AUTOS = YES_AGGRESSIVE;
				GCC_WARN_UNUSED_FUNCTION = YES;
				GCC_WARN_UNUSED_VARIABLE = YES;
				IPHONEOS_DEPLOYMENT_TARGET = 11.0;
				MTL_ENABLE_DEBUG_INFO = NO;
				SDKROOT = iphoneos;
				SWIFT_OPTIMIZATION_LEVEL = "-Owholemodule";
				VALIDATE_PRODUCT = YES;
			};
			name = Release;
		};
		9B71733D1FD6FF0F001310F5 /* Debug */ = {
			isa = XCBuildConfiguration;
			buildSettings = {
				ASSETCATALOG_COMPILER_APPICON_NAME = AppIcon;
				CODE_SIGN_STYLE = Automatic;
				DEVELOPMENT_TEAM = 33R6YMP3FF;
				INFOPLIST_FILE = Homework3_Constrain_YouTube/Info.plist;
				LD_RUNPATH_SEARCH_PATHS = "$(inherited) @executable_path/Frameworks";
				PRODUCT_BUNDLE_IDENTIFIER = "com.channat2.Homework3-Constrain-YouTube";
				PRODUCT_NAME = "$(TARGET_NAME)";
				SWIFT_VERSION = 4.0;
				TARGETED_DEVICE_FAMILY = "1,2";
			};
			name = Debug;
		};
		9B71733E1FD6FF0F001310F5 /* Release */ = {
			isa = XCBuildConfiguration;
			buildSettings = {
				ASSETCATALOG_COMPILER_APPICON_NAME = AppIcon;
				CODE_SIGN_STYLE = Automatic;
				DEVELOPMENT_TEAM = 33R6YMP3FF;
				INFOPLIST_FILE = Homework3_Constrain_YouTube/Info.plist;
				LD_RUNPATH_SEARCH_PATHS = "$(inherited) @executable_path/Frameworks";
				PRODUCT_BUNDLE_IDENTIFIER = "com.channat2.Homework3-Constrain-YouTube";
				PRODUCT_NAME = "$(TARGET_NAME)";
				SWIFT_VERSION = 4.0;
				TARGETED_DEVICE_FAMILY = "1,2";
			};
			name = Release;
		};
/* End XCBuildConfiguration section */

/* Begin XCConfigurationList section */
		9B7173251FD6FF0F001310F5 /* Build configuration list for PBXProject "Homework3_Constrain_YouTube" */ = {
			isa = XCConfigurationList;
			buildConfigurations = (
				9B71733A1FD6FF0F001310F5 /* Debug */,
				9B71733B1FD6FF0F001310F5 /* Release */,
			);
			defaultConfigurationIsVisible = 0;
			defaultConfigurationName = Release;
		};
		9B71733C1FD6FF0F001310F5 /* Build configuration list for PBXNativeTarget "Homework3_Constrain_YouTube" */ = {
			isa = XCConfigurationList;
			buildConfigurations = (
				9B71733D1FD6FF0F001310F5 /* Debug */,
				9B71733E1FD6FF0F001310F5 /* Release */,
			);
			defaultConfigurationIsVisible = 0;
			defaultConfigurationName = Release;
		};
/* End XCConfigurationList section */
	};
	rootObject = 9B7173221FD6FF0F001310F5 /* Project object */;
}
